
Microsoft Visual Studio Solution File, Format Version 12.00
# Visual Studio 2013
VisualStudioVersion = 12.0.30501.0
MinimumVisualStudioVersion = 10.0.40219.1
Project("{FAE04EC0-301F-11D3-BF4B-00C04F79EFBC}") = "opencbs-core", "opencbs-core\opencbs-core.csproj", "{ED638DD5-E755-4B7A-940D-5C94AB425686}"
EndProject
Project("{FAE04EC0-301F-11D3-BF4B-00C04F79EFBC}") = "opencbs-ui", "opencbs-ui\opencbs-ui.csproj", "{88C3642E-4C58-4BEF-938A-717EBCB619AA}"
EndProject
Project("{2150E333-8FDC-42A3-9474-1A3956D46DE8}") = "Online", "Online", "{5286D0B3-9CD4-4D86-A343-45275146337F}"
EndProject
Project("{2150E333-8FDC-42A3-9474-1A3956D46DE8}") = "Core", "Core", "{006DCC00-215E-4877-AEF0-82484BC159BD}"
EndProject
Project("{FAE04EC0-301F-11D3-BF4B-00C04F79EFBC}") = "OpenCBS.CoreDomain", "..\opencbs\Src\OpenCBS.CoreDomain\OpenCBS.CoreDomain.csproj", "{D539C388-3848-4A3E-AB87-42B8E329755A}"
EndProject
Project("{FAE04EC0-301F-11D3-BF4B-00C04F79EFBC}") = "OpenCBS.Enums", "..\opencbs\Src\OpenCBS.Enums\OpenCBS.Enums.csproj", "{8AFC1E87-3856-4F05-8280-5360D33C200B}"
EndProject
Project("{FAE04EC0-301F-11D3-BF4B-00C04F79EFBC}") = "OpenCBS.ExceptionsHandler", "..\opencbs\Src\OpenCBS.ExceptionsHandler\OpenCBS.ExceptionsHandler.csproj", "{98B26AD8-D160-462B-B70F-982D8701154A}"
EndProject
Project("{FAE04EC0-301F-11D3-BF4B-00C04F79EFBC}") = "OpenCBS.MultiLanguageRessources", "..\opencbs\Src\OpenCBS.MultiLanguage\OpenCBS.MultiLanguageRessources.csproj", "{1644EDA1-7196-4197-B752-A4D14F384E31}"
EndProject
Project("{FAE04EC0-301F-11D3-BF4B-00C04F79EFBC}") = "OpenCBS.Shared", "..\opencbs\Src\OpenCBS.Shared\OpenCBS.Shared.csproj", "{B3288E21-E5A9-4620-BEF3-AFB0B207655C}"
EndProject
Global
	GlobalSection(SolutionConfigurationPlatforms) = preSolution
		Debug|Any CPU = Debug|Any CPU
		DebugWithTest|Any CPU = DebugWithTest|Any CPU
		FitNesse|Any CPU = FitNesse|Any CPU
		Release|Any CPU = Release|Any CPU
		Test|Any CPU = Test|Any CPU
	EndGlobalSection
	GlobalSection(ProjectConfigurationPlatforms) = postSolution
		{ED638DD5-E755-4B7A-940D-5C94AB425686}.Debug|Any CPU.ActiveCfg = Debug|Any CPU
		{ED638DD5-E755-4B7A-940D-5C94AB425686}.Debug|Any CPU.Build.0 = Debug|Any CPU
		{ED638DD5-E755-4B7A-940D-5C94AB425686}.DebugWithTest|Any CPU.ActiveCfg = Debug|Any CPU
		{ED638DD5-E755-4B7A-940D-5C94AB425686}.DebugWithTest|Any CPU.Build.0 = Debug|Any CPU
		{ED638DD5-E755-4B7A-940D-5C94AB425686}.FitNesse|Any CPU.ActiveCfg = Release|Any CPU
		{ED638DD5-E755-4B7A-940D-5C94AB425686}.FitNesse|Any CPU.Build.0 = Release|Any CPU
		{ED638DD5-E755-4B7A-940D-5C94AB425686}.Release|Any CPU.ActiveCfg = Release|Any CPU
		{ED638DD5-E755-4B7A-940D-5C94AB425686}.Release|Any CPU.Build.0 = Release|Any CPU
		{ED638DD5-E755-4B7A-940D-5C94AB425686}.Test|Any CPU.ActiveCfg = Release|Any CPU
		{ED638DD5-E755-4B7A-940D-5C94AB425686}.Test|Any CPU.Build.0 = Release|Any CPU
		{88C3642E-4C58-4BEF-938A-717EBCB619AA}.Debug|Any CPU.ActiveCfg = Debug|Any CPU
		{88C3642E-4C58-4BEF-938A-717EBCB619AA}.Debug|Any CPU.Build.0 = Debug|Any CPU
		{88C3642E-4C58-4BEF-938A-717EBCB619AA}.DebugWithTest|Any CPU.ActiveCfg = Debug|Any CPU
		{88C3642E-4C58-4BEF-938A-717EBCB619AA}.DebugWithTest|Any CPU.Build.0 = Debug|Any CPU
		{88C3642E-4C58-4BEF-938A-717EBCB619AA}.FitNesse|Any CPU.ActiveCfg = Release|Any CPU
		{88C3642E-4C58-4BEF-938A-717EBCB619AA}.FitNesse|Any CPU.Build.0 = Release|Any CPU
		{88C3642E-4C58-4BEF-938A-717EBCB619AA}.Release|Any CPU.ActiveCfg = Release|Any CPU
		{88C3642E-4C58-4BEF-938A-717EBCB619AA}.Release|Any CPU.Build.0 = Release|Any CPU
		{88C3642E-4C58-4BEF-938A-717EBCB619AA}.Test|Any CPU.ActiveCfg = Release|Any CPU
		{88C3642E-4C58-4BEF-938A-717EBCB619AA}.Test|Any CPU.Build.0 = Release|Any CPU
		{D539C388-3848-4A3E-AB87-42B8E329755A}.Debug|Any CPU.ActiveCfg = Debug|Any CPU
		{D539C388-3848-4A3E-AB87-42B8E329755A}.Debug|Any CPU.Build.0 = Debug|Any CPU
		{D539C388-3848-4A3E-AB87-42B8E329755A}.DebugWithTest|Any CPU.ActiveCfg = DebugWithTest|Any CPU
		{D539C388-3848-4A3E-AB87-42B8E329755A}.DebugWithTest|Any CPU.Build.0 = DebugWithTest|Any CPU
		{D539C388-3848-4A3E-AB87-42B8E329755A}.FitNesse|Any CPU.ActiveCfg = FitNesse|Any CPU
		{D539C388-3848-4A3E-AB87-42B8E329755A}.FitNesse|Any CPU.Build.0 = FitNesse|Any CPU
		{D539C388-3848-4A3E-AB87-42B8E329755A}.Release|Any CPU.ActiveCfg = Release|Any CPU
		{D539C388-3848-4A3E-AB87-42B8E329755A}.Release|Any CPU.Build.0 = Release|Any CPU
		{D539C388-3848-4A3E-AB87-42B8E329755A}.Test|Any CPU.ActiveCfg = DebugWithTest|Any CPU
		{D539C388-3848-4A3E-AB87-42B8E329755A}.Test|Any CPU.Build.0 = DebugWithTest|Any CPU
		{8AFC1E87-3856-4F05-8280-5360D33C200B}.Debug|Any CPU.ActiveCfg = Debug|Any CPU
		{8AFC1E87-3856-4F05-8280-5360D33C200B}.Debug|Any CPU.Build.0 = Debug|Any CPU
		{8AFC1E87-3856-4F05-8280-5360D33C200B}.DebugWithTest|Any CPU.ActiveCfg = Debug|Any CPU
		{8AFC1E87-3856-4F05-8280-5360D33C200B}.DebugWithTest|Any CPU.Build.0 = Debug|Any CPU
		{8AFC1E87-3856-4F05-8280-5360D33C200B}.FitNesse|Any CPU.ActiveCfg = Release|Any CPU
		{8AFC1E87-3856-4F05-8280-5360D33C200B}.FitNesse|Any CPU.Build.0 = Release|Any CPU
		{8AFC1E87-3856-4F05-8280-5360D33C200B}.Release|Any CPU.ActiveCfg = Release|Any CPU
		{8AFC1E87-3856-4F05-8280-5360D33C200B}.Release|Any CPU.Build.0 = Release|Any CPU
		{8AFC1E87-3856-4F05-8280-5360D33C200B}.Test|Any CPU.ActiveCfg = Release|Any CPU
		{8AFC1E87-3856-4F05-8280-5360D33C200B}.Test|Any CPU.Build.0 = Release|Any CPU
		{98B26AD8-D160-462B-B70F-982D8701154A}.Debug|Any CPU.ActiveCfg = Debug|Any CPU
		{98B26AD8-D160-462B-B70F-982D8701154A}.Debug|Any CPU.Build.0 = Debug|Any CPU
		{98B26AD8-D160-462B-B70F-982D8701154A}.DebugWithTest|Any CPU.ActiveCfg = DebugWithTest|Any CPU
		{98B26AD8-D160-462B-B70F-982D8701154A}.DebugWithTest|Any CPU.Build.0 = DebugWithTest|Any CPU
		{98B26AD8-D160-462B-B70F-982D8701154A}.FitNesse|Any CPU.ActiveCfg = FitNesse|Any CPU
		{98B26AD8-D160-462B-B70F-982D8701154A}.FitNesse|Any CPU.Build.0 = FitNesse|Any CPU
		{98B26AD8-D160-462B-B70F-982D8701154A}.Release|Any CPU.ActiveCfg = Release|Any CPU
		{98B26AD8-D160-462B-B70F-982D8701154A}.Release|Any CPU.Build.0 = Release|Any CPU
		{98B26AD8-D160-462B-B70F-982D8701154A}.Test|Any CPU.ActiveCfg = Test|Any CPU
		{98B26AD8-D160-462B-B70F-982D8701154A}.Test|Any CPU.Build.0 = Test|Any CPU
		{1644EDA1-7196-4197-B752-A4D14F384E31}.Debug|Any CPU.ActiveCfg = Debug|Any CPU
		{1644EDA1-7196-4197-B752-A4D14F384E31}.Debug|Any CPU.Build.0 = Debug|Any CPU
		{1644EDA1-7196-4197-B752-A4D14F384E31}.DebugWithTest|Any CPU.ActiveCfg = DebugWithTest|Any CPU
		{1644EDA1-7196-4197-B752-A4D14F384E31}.DebugWithTest|Any CPU.Build.0 = DebugWithTest|Any CPU
		{1644EDA1-7196-4197-B752-A4D14F384E31}.FitNesse|Any CPU.ActiveCfg = FitNesse|Any CPU
		{1644EDA1-7196-4197-B752-A4D14F384E31}.FitNesse|Any CPU.Build.0 = FitNesse|Any CPU
		{1644EDA1-7196-4197-B752-A4D14F384E31}.Release|Any CPU.ActiveCfg = Release|Any CPU
		{1644EDA1-7196-4197-B752-A4D14F384E31}.Release|Any CPU.Build.0 = Release|Any CPU
		{1644EDA1-7196-4197-B752-A4D14F384E31}.Test|Any CPU.ActiveCfg = DebugWithTest|Any CPU
		{1644EDA1-7196-4197-B752-A4D14F384E31}.Test|Any CPU.Build.0 = DebugWithTest|Any CPU
		{B3288E21-E5A9-4620-BEF3-AFB0B207655C}.Debug|Any CPU.ActiveCfg = Debug|Any CPU
		{B3288E21-E5A9-4620-BEF3-AFB0B207655C}.Debug|Any CPU.Build.0 = Debug|Any CPU
		{B3288E21-E5A9-4620-BEF3-AFB0B207655C}.DebugWithTest|Any CPU.ActiveCfg = DebugWithTest|Any CPU
		{B3288E21-E5A9-4620-BEF3-AFB0B207655C}.DebugWithTest|Any CPU.Build.0 = DebugWithTest|Any CPU
		{B3288E21-E5A9-4620-BEF3-AFB0B207655C}.FitNesse|Any CPU.ActiveCfg = FitNesse|Any CPU
		{B3288E21-E5A9-4620-BEF3-AFB0B207655C}.FitNesse|Any CPU.Build.0 = FitNesse|Any CPU
		{B3288E21-E5A9-4620-BEF3-AFB0B207655C}.Release|Any CPU.ActiveCfg = Release|Any CPU
		{B3288E21-E5A9-4620-BEF3-AFB0B207655C}.Release|Any CPU.Build.0 = Release|Any CPU
		{B3288E21-E5A9-4620-BEF3-AFB0B207655C}.Test|Any CPU.ActiveCfg = DebugWithTest|Any CPU
		{B3288E21-E5A9-4620-BEF3-AFB0B207655C}.Test|Any CPU.Build.0 = DebugWithTest|Any CPU
	EndGlobalSection
	GlobalSection(SolutionProperties) = preSolution
		HideSolutionNode = FALSE
	EndGlobalSection
	GlobalSection(NestedProjects) = preSolution
		{ED638DD5-E755-4B7A-940D-5C94AB425686} = {5286D0B3-9CD4-4D86-A343-45275146337F}
		{88C3642E-4C58-4BEF-938A-717EBCB619AA} = {5286D0B3-9CD4-4D86-A343-45275146337F}
		{D539C388-3848-4A3E-AB87-42B8E329755A} = {006DCC00-215E-4877-AEF0-82484BC159BD}
		{8AFC1E87-3856-4F05-8280-5360D33C200B} = {006DCC00-215E-4877-AEF0-82484BC159BD}
		{98B26AD8-D160-462B-B70F-982D8701154A} = {006DCC00-215E-4877-AEF0-82484BC159BD}
		{1644EDA1-7196-4197-B752-A4D14F384E31} = {006DCC00-215E-4877-AEF0-82484BC159BD}
		{B3288E21-E5A9-4620-BEF3-AFB0B207655C} = {006DCC00-215E-4877-AEF0-82484BC159BD}
	EndGlobalSection
EndGlobal
